
Microsoft Visual Studio Solution File, Format Version 12.00
# Visual Studio Version 17
VisualStudioVersion = 17.0.31606.5
MinimumVisualStudioVersion = 10.0.40219.1
Project("{8BC9CEB8-8B4A-11D0-8D11-00A0C91BC942}") = "1.8 Stw", "1.8 Stw.vcxproj", "{EBF8AC54-4B3E-45DB-9B56-2CABE17DE39C}"
EndProject
Global
	GlobalSection(SolutionConfigurationPlatforms) = preSolution
		Debug|x64 = Debug|x64
		Release|x64 = Release|x64
	EndGlobalSection
	GlobalSection(ProjectConfigurationPlatforms) = postSolution
		{EBF8AC54-4B3E-45DB-9B56-2CABE17DE39C}.Debug|x64.ActiveCfg = Debug|x64
		{EBF8AC54-4B3E-45DB-9B56-2CABE17DE39C}.Debug|x64.Build.0 = Debug|x64
		{EBF8AC54-4B3E-45DB-9B56-2CABE17DE39C}.Release|x64.ActiveCfg = Release|x64
		{EBF8AC54-4B3E-45DB-9B56-2CABE17DE39C}.Release|x64.Build.0 = Release|x64
	EndGlobalSection
	GlobalSection(SolutionProperties) = preSolution
		HideSolutionNode = FALSE
	EndGlobalSection
	GlobalSection(ExtensibilityGlobals) = postSolution
		SolutionGuid = {D0145498-0D06-4ED0-A400-617FE9BD6FCB}
	EndGlobalSection
EndGlobal
