
Microsoft Visual Studio Solution File, Format Version 12.00
# Visual Studio Version 17
VisualStudioVersion = 17.0.31606.5
MinimumVisualStudioVersion = 10.0.40219.1
Project("{8BC9CEB8-8B4A-11D0-8D11-00A0C91BC942}") = "NocturnoV2", "NocturnoV2.vcxproj", "{5E5C53BA-8AF2-4DB0-A31E-5D7BEDF9AE36}"
EndProject
Global
	GlobalSection(SolutionConfigurationPlatforms) = preSolution
		Debug|x64 = Debug|x64
		Debug|x86 = Debug|x86
		Release|x64 = Release|x64
		Release|x86 = Release|x86
	EndGlobalSection
	GlobalSection(ProjectConfigurationPlatforms) = postSolution
		{5E5C53BA-8AF2-4DB0-A31E-5D7BEDF9AE36}.Debug|x64.ActiveCfg = Debug|x64
		{5E5C53BA-8AF2-4DB0-A31E-5D7BEDF9AE36}.Debug|x64.Build.0 = Debug|x64
		{5E5C53BA-8AF2-4DB0-A31E-5D7BEDF9AE36}.Debug|x86.ActiveCfg = Debug|Win32
		{5E5C53BA-8AF2-4DB0-A31E-5D7BEDF9AE36}.Debug|x86.Build.0 = Debug|Win32
		{5E5C53BA-8AF2-4DB0-A31E-5D7BEDF9AE36}.Release|x64.ActiveCfg = Release|x64
		{5E5C53BA-8AF2-4DB0-A31E-5D7BEDF9AE36}.Release|x64.Build.0 = Release|x64
		{5E5C53BA-8AF2-4DB0-A31E-5D7BEDF9AE36}.Release|x86.ActiveCfg = Release|Win32
		{5E5C53BA-8AF2-4DB0-A31E-5D7BEDF9AE36}.Release|x86.Build.0 = Release|Win32
	EndGlobalSection
	GlobalSection(SolutionProperties) = preSolution
		HideSolutionNode = FALSE
	EndGlobalSection
	GlobalSection(ExtensibilityGlobals) = postSolution
		SolutionGuid = {3051936C-67C6-4675-ACD7-A1B4218EF928}
	EndGlobalSection
EndGlobal
